
Microsoft Visual Studio Solution File, Format Version 12.00
# Visual Studio Version 17
VisualStudioVersion = 17.0.31903.59
MinimumVisualStudioVersion = 10.0.40219.1
Project("{FAE04EC0-301F-11D3-BF4B-00C04F79EFBC}") = "API", "API\API.csproj", "{5E2E93FD-6BA0-481F-BD66-A91E3C63FF02}"
EndProject
Project("{FAE04EC0-301F-11D3-BF4B-00C04F79EFBC}") = "Application", "Application\Application.csproj", "{05F0B8A2-7394-41BF-9755-D1AD23457F19}"
EndProject
Project("{FAE04EC0-301F-11D3-BF4B-00C04F79EFBC}") = "Domain", "Domain\Domain.csproj", "{5458979F-E4BE-4E02-B48A-45C2B2E83805}"
EndProject
Project("{FAE04EC0-301F-11D3-BF4B-00C04F79EFBC}") = "Persistence", "Persistence\Persistence.csproj", "{8983CEB3-58ED-4DF2-B2AE-709FDF83F8D0}"
EndProject
Global
	GlobalSection(SolutionConfigurationPlatforms) = preSolution
		Debug|Any CPU = Debug|Any CPU
		Release|Any CPU = Release|Any CPU
	EndGlobalSection
	GlobalSection(SolutionProperties) = preSolution
		HideSolutionNode = FALSE
	EndGlobalSection
	GlobalSection(ProjectConfigurationPlatforms) = postSolution
		{5E2E93FD-6BA0-481F-BD66-A91E3C63FF02}.Debug|Any CPU.ActiveCfg = Debug|Any CPU
		{5E2E93FD-6BA0-481F-BD66-A91E3C63FF02}.Debug|Any CPU.Build.0 = Debug|Any CPU
		{5E2E93FD-6BA0-481F-BD66-A91E3C63FF02}.Release|Any CPU.ActiveCfg = Release|Any CPU
		{5E2E93FD-6BA0-481F-BD66-A91E3C63FF02}.Release|Any CPU.Build.0 = Release|Any CPU
		{05F0B8A2-7394-41BF-9755-D1AD23457F19}.Debug|Any CPU.ActiveCfg = Debug|Any CPU
		{05F0B8A2-7394-41BF-9755-D1AD23457F19}.Debug|Any CPU.Build.0 = Debug|Any CPU
		{05F0B8A2-7394-41BF-9755-D1AD23457F19}.Release|Any CPU.ActiveCfg = Release|Any CPU
		{05F0B8A2-7394-41BF-9755-D1AD23457F19}.Release|Any CPU.Build.0 = Release|Any CPU
		{5458979F-E4BE-4E02-B48A-45C2B2E83805}.Debug|Any CPU.ActiveCfg = Debug|Any CPU
		{5458979F-E4BE-4E02-B48A-45C2B2E83805}.Debug|Any CPU.Build.0 = Debug|Any CPU
		{5458979F-E4BE-4E02-B48A-45C2B2E83805}.Release|Any CPU.ActiveCfg = Release|Any CPU
		{5458979F-E4BE-4E02-B48A-45C2B2E83805}.Release|Any CPU.Build.0 = Release|Any CPU
		{8983CEB3-58ED-4DF2-B2AE-709FDF83F8D0}.Debug|Any CPU.ActiveCfg = Debug|Any CPU
		{8983CEB3-58ED-4DF2-B2AE-709FDF83F8D0}.Debug|Any CPU.Build.0 = Debug|Any CPU
		{8983CEB3-58ED-4DF2-B2AE-709FDF83F8D0}.Release|Any CPU.ActiveCfg = Release|Any CPU
		{8983CEB3-58ED-4DF2-B2AE-709FDF83F8D0}.Release|Any CPU.Build.0 = Release|Any CPU
	EndGlobalSection
EndGlobal
